
Microsoft Visual Studio Solution File, Format Version 12.00
# Visual Studio Version 17
VisualStudioVersion = 17.7.34024.191
MinimumVisualStudioVersion = 10.0.40219.1
Project("{2150E333-8FDC-42A3-9474-1A3956D46DE8}") = "1. Resources", "1. Resources", "{7A5B5138-23FA-41CE-B8D5-9C9CF1796FE6}"
EndProject
Project("{9A19103F-16F7-4668-BE54-9A1E7A4F7556}") = "__NAMESPACE__.Apis", "__NAMESPACE__.Apis\__NAMESPACE__.Apis.csproj", "{328FE471-9FC8-42CB-A7E7-A06018C998C6}"
EndProject
Project("{2150E333-8FDC-42A3-9474-1A3956D46DE8}") = "2. Application", "2. Application", "{83E72824-28C7-4A48-9C9A-72454B6AAD13}"
EndProject
Project("{9A19103F-16F7-4668-BE54-9A1E7A4F7556}") = "__NAMESPACE__.Application", "__NAMESPACE__.Application\__NAMESPACE__.Application.csproj", "{F9F2471C-5E89-4C85-A585-C6617FA68FA2}"
EndProject
Project("{9A19103F-16F7-4668-BE54-9A1E7A4F7556}") = "__NAMESPACE__.Application.Abstractions", "__NAMESPACE__.Application.Abstractions\__NAMESPACE__.Application.Abstractions.csproj", "{E5F57588-A114-4226-B489-A429244B1FF9}"
EndProject
Project("{9A19103F-16F7-4668-BE54-9A1E7A4F7556}") = "__NAMESPACE__.Domain", "__NAMESPACE__.Domain\__NAMESPACE__.Domain.csproj", "{F8D48394-2B6C-4A33-9189-7D3BDAB18E3A}"
EndProject
Project("{9A19103F-16F7-4668-BE54-9A1E7A4F7556}") = "__NAMESPACE__.Dto", "__NAMESPACE__.Dto\__NAMESPACE__.Dto.csproj", "{8E4C5874-F931-4A5A-8C12-0AA93CC3DE24}"
EndProject
Project("{9A19103F-16F7-4668-BE54-9A1E7A4F7556}") = "__NAMESPACE__.Entity", "__NAMESPACE__.Entity\__NAMESPACE__.Entity.csproj", "{14390354-0024-4675-9234-E89AAC5A3035}"
EndProject
Project("{2150E333-8FDC-42A3-9474-1A3956D46DE8}") = "3. Infraestructure", "3. Infraestructure", "{8F7950B2-09D5-46F3-B30E-4E9CD833357D}"
EndProject
Project("{9A19103F-16F7-4668-BE54-9A1E7A4F7556}") = "__NAMESPACE__.Repository", "__NAMESPACE__.Repository\__NAMESPACE__.Repository.csproj", "{A81223A4-BAC8-4768-B208-B9045B585DCB}"
EndProject
Project("{9A19103F-16F7-4668-BE54-9A1E7A4F7556}") = "__NAMESPACE__.Repository.Abstractions", "__NAMESPACE__.Repository.Abstractions\__NAMESPACE__.Repository.Abstractions.csproj", "{E64734F7-DF83-475D-B75C-6286CACD37EE}"
EndProject
Project("{2150E333-8FDC-42A3-9474-1A3956D46DE8}") = "4. Common", "4. Common", "{62D23EBE-E769-4637-A718-100E3BF5A24A}"
EndProject
Project("{9A19103F-16F7-4668-BE54-9A1E7A4F7556}") = "__NAMESPACE__.Common", "__NAMESPACE__.Common\__NAMESPACE__.Common.csproj", "{24CEBF1D-9B4E-4B56-BB6C-F94AF77F24F2}"
EndProject
Project("{2150E333-8FDC-42A3-9474-1A3956D46DE8}") = "5. Client", "5. Client", "{ACF5AF1D-A818-45D8-96AC-B62D86FDF5BB}"
EndProject
Project("{9A19103F-16F7-4668-BE54-9A1E7A4F7556}") = "__NAMESPACE__.EmailClient", "__NAMESPACE__.EmailClient\__NAMESPACE__.EmailClient.csproj", "{63742F23-9155-42F6-82E5-47B393F82A06}"
EndProject
Project("{9A19103F-16F7-4668-BE54-9A1E7A4F7556}") = "__NAMESPACE__.RestClient", "__NAMESPACE__.RestClient\__NAMESPACE__.RestClient.csproj", "{9209AB9B-E70C-4770-B365-F25D1DC183D3}"
EndProject
Project("{2150E333-8FDC-42A3-9474-1A3956D46DE8}") = "6. Database", "6. Database", "{F93321C3-8087-405E-ADFB-03222FDBDDF3}"
EndProject
Project("{9A19103F-16F7-4668-BE54-9A1E7A4F7556}") = "__NAMESPACE__.Database", "__NAMESPACE__.Database\__NAMESPACE__.Database.csproj", "{E429202D-495A-42C8-AB11-20C77BFB14AB}"
EndProject
Project("{2150E333-8FDC-42A3-9474-1A3956D46DE8}") = "7. Test", "7. Test", "{ED331424-7EE0-4F2B-BC7C-B35DF6199251}"
EndProject
Project("{9A19103F-16F7-4668-BE54-9A1E7A4F7556}") = "__NAMESPACE__.Test", "__NAMESPACE__.Test\__NAMESPACE__.Test.csproj", "{6E6B0682-8B2B-4351-B985-007C11DDB6BA}"
EndProject
Global
	GlobalSection(SolutionConfigurationPlatforms) = preSolution
		Debug|Any CPU = Debug|Any CPU
		Release|Any CPU = Release|Any CPU
	EndGlobalSection
	GlobalSection(ProjectConfigurationPlatforms) = postSolution
		{328FE471-9FC8-42CB-A7E7-A06018C998C6}.Debug|Any CPU.ActiveCfg = Debug|Any CPU
		{328FE471-9FC8-42CB-A7E7-A06018C998C6}.Debug|Any CPU.Build.0 = Debug|Any CPU
		{328FE471-9FC8-42CB-A7E7-A06018C998C6}.Release|Any CPU.ActiveCfg = Release|Any CPU
		{328FE471-9FC8-42CB-A7E7-A06018C998C6}.Release|Any CPU.Build.0 = Release|Any CPU
		{F9F2471C-5E89-4C85-A585-C6617FA68FA2}.Debug|Any CPU.ActiveCfg = Debug|Any CPU
		{F9F2471C-5E89-4C85-A585-C6617FA68FA2}.Debug|Any CPU.Build.0 = Debug|Any CPU
		{F9F2471C-5E89-4C85-A585-C6617FA68FA2}.Release|Any CPU.ActiveCfg = Release|Any CPU
		{F9F2471C-5E89-4C85-A585-C6617FA68FA2}.Release|Any CPU.Build.0 = Release|Any CPU
		{E5F57588-A114-4226-B489-A429244B1FF9}.Debug|Any CPU.ActiveCfg = Debug|Any CPU
		{E5F57588-A114-4226-B489-A429244B1FF9}.Debug|Any CPU.Build.0 = Debug|Any CPU
		{E5F57588-A114-4226-B489-A429244B1FF9}.Release|Any CPU.ActiveCfg = Release|Any CPU
		{E5F57588-A114-4226-B489-A429244B1FF9}.Release|Any CPU.Build.0 = Release|Any CPU
		{F8D48394-2B6C-4A33-9189-7D3BDAB18E3A}.Debug|Any CPU.ActiveCfg = Debug|Any CPU
		{F8D48394-2B6C-4A33-9189-7D3BDAB18E3A}.Debug|Any CPU.Build.0 = Debug|Any CPU
		{F8D48394-2B6C-4A33-9189-7D3BDAB18E3A}.Release|Any CPU.ActiveCfg = Release|Any CPU
		{F8D48394-2B6C-4A33-9189-7D3BDAB18E3A}.Release|Any CPU.Build.0 = Release|Any CPU
		{8E4C5874-F931-4A5A-8C12-0AA93CC3DE24}.Debug|Any CPU.ActiveCfg = Debug|Any CPU
		{8E4C5874-F931-4A5A-8C12-0AA93CC3DE24}.Debug|Any CPU.Build.0 = Debug|Any CPU
		{8E4C5874-F931-4A5A-8C12-0AA93CC3DE24}.Release|Any CPU.ActiveCfg = Release|Any CPU
		{8E4C5874-F931-4A5A-8C12-0AA93CC3DE24}.Release|Any CPU.Build.0 = Release|Any CPU
		{14390354-0024-4675-9234-E89AAC5A3035}.Debug|Any CPU.ActiveCfg = Debug|Any CPU
		{14390354-0024-4675-9234-E89AAC5A3035}.Debug|Any CPU.Build.0 = Debug|Any CPU
		{14390354-0024-4675-9234-E89AAC5A3035}.Release|Any CPU.ActiveCfg = Release|Any CPU
		{14390354-0024-4675-9234-E89AAC5A3035}.Release|Any CPU.Build.0 = Release|Any CPU
		{A81223A4-BAC8-4768-B208-B9045B585DCB}.Debug|Any CPU.ActiveCfg = Debug|Any CPU
		{A81223A4-BAC8-4768-B208-B9045B585DCB}.Debug|Any CPU.Build.0 = Debug|Any CPU
		{A81223A4-BAC8-4768-B208-B9045B585DCB}.Release|Any CPU.ActiveCfg = Release|Any CPU
		{A81223A4-BAC8-4768-B208-B9045B585DCB}.Release|Any CPU.Build.0 = Release|Any CPU
		{E64734F7-DF83-475D-B75C-6286CACD37EE}.Debug|Any CPU.ActiveCfg = Debug|Any CPU
		{E64734F7-DF83-475D-B75C-6286CACD37EE}.Debug|Any CPU.Build.0 = Debug|Any CPU
		{E64734F7-DF83-475D-B75C-6286CACD37EE}.Release|Any CPU.ActiveCfg = Release|Any CPU
		{E64734F7-DF83-475D-B75C-6286CACD37EE}.Release|Any CPU.Build.0 = Release|Any CPU
		{24CEBF1D-9B4E-4B56-BB6C-F94AF77F24F2}.Debug|Any CPU.ActiveCfg = Debug|Any CPU
		{24CEBF1D-9B4E-4B56-BB6C-F94AF77F24F2}.Debug|Any CPU.Build.0 = Debug|Any CPU
		{24CEBF1D-9B4E-4B56-BB6C-F94AF77F24F2}.Release|Any CPU.ActiveCfg = Release|Any CPU
		{24CEBF1D-9B4E-4B56-BB6C-F94AF77F24F2}.Release|Any CPU.Build.0 = Release|Any CPU
		{63742F23-9155-42F6-82E5-47B393F82A06}.Debug|Any CPU.ActiveCfg = Debug|Any CPU
		{63742F23-9155-42F6-82E5-47B393F82A06}.Debug|Any CPU.Build.0 = Debug|Any CPU
		{63742F23-9155-42F6-82E5-47B393F82A06}.Release|Any CPU.ActiveCfg = Release|Any CPU
		{63742F23-9155-42F6-82E5-47B393F82A06}.Release|Any CPU.Build.0 = Release|Any CPU
		{9209AB9B-E70C-4770-B365-F25D1DC183D3}.Debug|Any CPU.ActiveCfg = Debug|Any CPU
		{9209AB9B-E70C-4770-B365-F25D1DC183D3}.Debug|Any CPU.Build.0 = Debug|Any CPU
		{9209AB9B-E70C-4770-B365-F25D1DC183D3}.Release|Any CPU.ActiveCfg = Release|Any CPU
		{9209AB9B-E70C-4770-B365-F25D1DC183D3}.Release|Any CPU.Build.0 = Release|Any CPU
		{E429202D-495A-42C8-AB11-20C77BFB14AB}.Debug|Any CPU.ActiveCfg = Debug|Any CPU
		{E429202D-495A-42C8-AB11-20C77BFB14AB}.Debug|Any CPU.Build.0 = Debug|Any CPU
		{E429202D-495A-42C8-AB11-20C77BFB14AB}.Release|Any CPU.ActiveCfg = Release|Any CPU
		{E429202D-495A-42C8-AB11-20C77BFB14AB}.Release|Any CPU.Build.0 = Release|Any CPU
		{6E6B0682-8B2B-4351-B985-007C11DDB6BA}.Debug|Any CPU.ActiveCfg = Debug|Any CPU
		{6E6B0682-8B2B-4351-B985-007C11DDB6BA}.Debug|Any CPU.Build.0 = Debug|Any CPU
		{6E6B0682-8B2B-4351-B985-007C11DDB6BA}.Release|Any CPU.ActiveCfg = Release|Any CPU
		{6E6B0682-8B2B-4351-B985-007C11DDB6BA}.Release|Any CPU.Build.0 = Release|Any CPU
	EndGlobalSection
	GlobalSection(SolutionProperties) = preSolution
		HideSolutionNode = FALSE
	EndGlobalSection
	GlobalSection(NestedProjects) = preSolution
		{328FE471-9FC8-42CB-A7E7-A06018C998C6} = {7A5B5138-23FA-41CE-B8D5-9C9CF1796FE6}
		{F9F2471C-5E89-4C85-A585-C6617FA68FA2} = {83E72824-28C7-4A48-9C9A-72454B6AAD13}
		{E5F57588-A114-4226-B489-A429244B1FF9} = {83E72824-28C7-4A48-9C9A-72454B6AAD13}
		{F8D48394-2B6C-4A33-9189-7D3BDAB18E3A} = {83E72824-28C7-4A48-9C9A-72454B6AAD13}
		{8E4C5874-F931-4A5A-8C12-0AA93CC3DE24} = {83E72824-28C7-4A48-9C9A-72454B6AAD13}
		{14390354-0024-4675-9234-E89AAC5A3035} = {83E72824-28C7-4A48-9C9A-72454B6AAD13}
		{A81223A4-BAC8-4768-B208-B9045B585DCB} = {8F7950B2-09D5-46F3-B30E-4E9CD833357D}
		{E64734F7-DF83-475D-B75C-6286CACD37EE} = {8F7950B2-09D5-46F3-B30E-4E9CD833357D}
		{24CEBF1D-9B4E-4B56-BB6C-F94AF77F24F2} = {62D23EBE-E769-4637-A718-100E3BF5A24A}
		{63742F23-9155-42F6-82E5-47B393F82A06} = {ACF5AF1D-A818-45D8-96AC-B62D86FDF5BB}
		{9209AB9B-E70C-4770-B365-F25D1DC183D3} = {ACF5AF1D-A818-45D8-96AC-B62D86FDF5BB}
		{E429202D-495A-42C8-AB11-20C77BFB14AB} = {F93321C3-8087-405E-ADFB-03222FDBDDF3}
		{6E6B0682-8B2B-4351-B985-007C11DDB6BA} = {ED331424-7EE0-4F2B-BC7C-B35DF6199251}
	EndGlobalSection
	GlobalSection(ExtensibilityGlobals) = postSolution
		SolutionGuid = {C347E25E-2B75-4B7B-97DE-A144015032B0}
	EndGlobalSection
EndGlobal
